// !$*UTF8*$!
{
	archiveVersion = 1;
	classes = {
	};
	objectVersion = 46;
	objects = {

/* Begin PBXBuildFile section */
		475E78B41CB3F96300EA1FB5 /* AppDelegate.swift in Sources */ = {isa = PBXBuildFile; fileRef = 475E78B31CB3F96300EA1FB5 /* AppDelegate.swift */; };
		475E78B61CB3F96300EA1FB5 /* ViewController.swift in Sources */ = {isa = PBXBuildFile; fileRef = 475E78B51CB3F96300EA1FB5 /* ViewController.swift */; };
		475E78B91CB3F96300EA1FB5 /* Main.storyboard in Resources */ = {isa = PBXBuildFile; fileRef = 475E78B71CB3F96300EA1FB5 /* Main.storyboard */; };
		475E78BB1CB3F96300EA1FB5 /* Assets.xcassets in Resources */ = {isa = PBXBuildFile; fileRef = 475E78BA1CB3F96300EA1FB5 /* Assets.xcassets */; };
		475E78BE1CB3F96300EA1FB5 /* LaunchScreen.storyboard in Resources */ = {isa = PBXBuildFile; fileRef = 475E78BC1CB3F96300EA1FB5 /* LaunchScreen.storyboard */; };
/* End PBXBuildFile section */

/* Begin PBXFileReference section */
		475E78B01CB3F96300EA1FB5 /* Multiples.app */ = {isa = PBXFileReference; explicitFileType = wrapper.application; includeInIndex = 0; path = Multiples.app; sourceTree = BUILT_PRODUCTS_DIR; };
		475E78B31CB3F96300EA1FB5 /* AppDelegate.swift */ = {isa = PBXFileReference; lastKnownFileType = sourcecode.swift; path = AppDelegate.swift; sourceTree = "<group>"; };
		475E78B51CB3F96300EA1FB5 /* ViewController.swift */ = {isa = PBXFileReference; lastKnownFileType = sourcecode.swift; path = ViewController.swift; sourceTree = "<group>"; };
		475E78B81CB3F96300EA1FB5 /* Base */ = {isa = PBXFileReference; lastKnownFileType = file.storyboard; name = Base; path = Base.lproj/Main.storyboard; sourceTree = "<group>"; };
		475E78BA1CB3F96300EA1FB5 /* Assets.xcassets */ = {isa = PBXFileReference; lastKnownFileType = folder.assetcatalog; path = Assets.xcassets; sourceTree = "<group>"; };
		475E78BD1CB3F96300EA1FB5 /* Base */ = {isa = PBXFileReference; lastKnownFileType = file.storyboard; name = Base; path = Base.lproj/LaunchScreen.storyboard; sourceTree = "<group>"; };
		475E78BF1CB3F96300EA1FB5 /* Info.plist */ = {isa = PBXFileReference; lastKnownFileType = text.plist.xml; path = Info.plist; sourceTree = "<group>"; };
/* End PBXFileReference section */

/* Begin PBXFrameworksBuildPhase section */
		475E78AD1CB3F96300EA1FB5 /* Frameworks */ = {
			isa = PBXFrameworksBuildPhase;
			buildActionMask = 2147483647;
			files = (
			);
			runOnlyForDeploymentPostprocessing = 0;
		};
/* End PBXFrameworksBuildPhase section */

/* Begin PBXGroup section */
		475E78A71CB3F96300EA1FB5 = {
			isa = PBXGroup;
			children = (
				475E78B21CB3F96300EA1FB5 /* Multiples */,
				475E78B11CB3F96300EA1FB5 /* Products */,
			);
			sourceTree = "<group>";
		};
		475E78B11CB3F96300EA1FB5 /* Products */ = {
			isa = PBXGroup;
			children = (
				475E78B01CB3F96300EA1FB5 /* Multiples.app */,
			);
			name = Products;
			sourceTree = "<group>";
		};
		475E78B21CB3F96300EA1FB5 /* Multiples */ = {
			isa = PBXGroup;
			children = (
				475E78B31CB3F96300EA1FB5 /* AppDelegate.swift */,
				475E78B51CB3F96300EA1FB5 /* ViewController.swift */,
				475E78B71CB3F96300EA1FB5 /* Main.storyboard */,
				475E78BA1CB3F96300EA1FB5 /* Assets.xcassets */,
				475E78BC1CB3F96300EA1FB5 /* LaunchScreen.storyboard */,
				475E78BF1CB3F96300EA1FB5 /* Info.plist */,
			);
			path = Multiples;
			sourceTree = "<group>";
		};
/* End PBXGroup section */

/* Begin PBXNativeTarget section */
		475E78AF1CB3F96300EA1FB5 /* Multiples */ = {
			isa = PBXNativeTarget;
			buildConfigurationList = 475E78C21CB3F96300EA1FB5 /* Build configuration list for PBXNativeTarget "Multiples" */;
			buildPhases = (
				475E78AC1CB3F96300EA1FB5 /* Sources */,
				475E78AD1CB3F96300EA1FB5 /* Frameworks */,
				475E78AE1CB3F96300EA1FB5 /* Resources */,
			);
			buildRules = (
			);
			dependencies = (
			);
			name = Multiples;
			productName = Multiples;
			productReference = 475E78B01CB3F96300EA1FB5 /* Multiples.app */;
			productType = "com.apple.product-type.application";
		};
/* End PBXNativeTarget section */

/* Begin PBXProject section */
		475E78A81CB3F96300EA1FB5 /* Project object */ = {
			isa = PBXProject;
			attributes = {
				LastSwiftUpdateCheck = 0730;
				LastUpgradeCheck = 0730;
				ORGANIZATIONNAME = "Carbon Star Group Ltd";
				TargetAttributes = {
					475E78AF1CB3F96300EA1FB5 = {
						CreatedOnToolsVersion = 7.3;
					};
				};
			};
			buildConfigurationList = 475E78AB1CB3F96300EA1FB5 /* Build configuration list for PBXProject "Multiples" */;
			compatibilityVersion = "Xcode 3.2";
			developmentRegion = English;
			hasScannedForEncodings = 0;
			knownRegions = (
				en,
				Base,
			);
			mainGroup = 475E78A71CB3F96300EA1FB5;
			productRefGroup = 475E78B11CB3F96300EA1FB5 /* Products */;
			projectDirPath = "";
			projectRoot = "";
			targets = (
				475E78AF1CB3F96300EA1FB5 /* Multiples */,
			);
		};
/* End PBXProject section */

/* Begin PBXResourcesBuildPhase section */
		475E78AE1CB3F96300EA1FB5 /* Resources */ = {
			isa = PBXResourcesBuildPhase;
			buildActionMask = 2147483647;
			files = (
				475E78BE1CB3F96300EA1FB5 /* LaunchScreen.storyboard in Resources */,
				475E78BB1CB3F96300EA1FB5 /* Assets.xcassets in Resources */,
				475E78B91CB3F96300EA1FB5 /* Main.storyboard in Resources */,
			);
			runOnlyForDeploymentPostprocessing = 0;
		};
/* End PBXResourcesBuildPhase section */

/* Begin PBXSourcesBuildPhase section */
		475E78AC1CB3F96300EA1FB5 /* Sources */ = {
			isa = PBXSourcesBuildPhase;
			buildActionMask = 2147483647;
			files = (
				475E78B61CB3F96300EA1FB5 /* ViewController.swift in Sources */,
				475E78B41CB3F96300EA1FB5 /* AppDelegate.swift in Sources */,
			);
			runOnlyForDeploymentPostprocessing = 0;
		};
/* End PBXSourcesBuildPhase section */

/* Begin PBXVariantGroup section */
		475E78B71CB3F96300EA1FB5 /* Main.storyboard */ = {
			isa = PBXVariantGroup;
			children = (
				475E78B81CB3F96300EA1FB5 /* Base */,
			);
			name = Main.storyboard;
			sourceTree = "<group>";
		};
		475E78BC1CB3F96300EA1FB5 /* LaunchScreen.storyboard */ = {
			isa = PBXVariantGroup;
			children = (
				475E78BD1CB3F96300EA1FB5 /* Base */,
			);
			name = LaunchScreen.storyboard;
			sourceTree = "<group>";
		};
/* End PBXVariantGroup section */

/* Begin XCBuildConfiguration section */
		475E78C01CB3F96300EA1FB5 /* Debug */ = {
			isa = XCBuildConfiguration;
			buildSettings = {
				ALWAYS_SEARCH_USER_PATHS = NO;
				CLANG_ANALYZER_NONNULL = YES;
				CLANG_CXX_LANGUAGE_STANDARD = "gnu++0x";
				CLANG_CXX_LIBRARY = "libc++";
				CLANG_ENABLE_MODULES = YES;
				CLANG_ENABLE_OBJC_ARC = YES;
				CLANG_WARN_BOOL_CONVERSION = YES;
				CLANG_WARN_CONSTANT_CONVERSION = YES;
				CLANG_WARN_DIRECT_OBJC_ISA_USAGE = YES_ERROR;
				CLANG_WARN_EMPTY_BODY = YES;
				CLANG_WARN_ENUM_CONVERSION = YES;
				CLANG_WARN_INT_CONVERSION = YES;
				CLANG_WARN_OBJC_ROOT_CLASS = YES_ERROR;
				CLANG_WARN_UNREACHABLE_CODE = YES;
				CLANG_WARN__DUPLICATE_METHOD_MATCH = YES;
				"CODE_SIGN_IDENTITY[sdk=iphoneos*]" = "iPhone Developer";
				COPY_PHASE_STRIP = NO;
				DEBUG_INFORMATION_FORMAT = dwarf;
				ENABLE_STRICT_OBJC_MSGSEND = YES;
				ENABLE_TESTABILITY = YES;
				GCC_C_LANGUAGE_STANDARD = gnu99;
				GCC_DYNAMIC_NO_PIC = NO;
				GCC_NO_COMMON_BLOCKS = YES;
				GCC_OPTIMIZATION_LEVEL = 0;
				GCC_PREPROCESSOR_DEFINITIONS = (
					"DEBUG=1",
					"$(inherited)",
				);
				GCC_WARN_64_TO_32_BIT_CONVERSION = YES;
				GCC_WARN_ABOUT_RETURN_TYPE = YES_ERROR;
				GCC_WARN_UNDECLARED_SELECTOR = YES;
				GCC_WARN_UNINITIALIZED_AUTOS = YES_AGGRESSIVE;
				GCC_WARN_UNUSED_FUNCTION = YES;
				GCC_WARN_UNUSED_VARIABLE = YES;
				IPHONEOS_DEPLOYMENT_TARGET = 9.3;
				MTL_ENABLE_DEBUG_INFO = YES;
				ONLY_ACTIVE_ARCH = YES;
				SDKROOT = iphoneos;
				SWIFT_OPTIMIZATION_LEVEL = "-Onone";
			};
			name = Debug;
		};
		475E78C11CB3F96300EA1FB5 /* Release */ = {
			isa = XCBuildConfiguration;
			buildSettings = {
				ALWAYS_SEARCH_USER_PATHS = NO;
				CLANG_ANALYZER_NONNULL = YES;
				CLANG_CXX_LANGUAGE_STANDARD = "gnu++0x";
				CLANG_CXX_LIBRARY = "libc++";
				CLANG_ENABLE_MODULES = YES;
				CLANG_ENABLE_OBJC_ARC = YES;
				CLANG_WARN_BOOL_CONVERSION = YES;
				CLANG_WARN_CONSTANT_CONVERSION = YES;
				CLANG_WARN_DIRECT_OBJC_ISA_USAGE = YES_ERROR;
				CLANG_WARN_EMPTY_BODY = YES;
				CLANG_WARN_ENUM_CONVERSION = YES;
				CLANG_WARN_INT_CONVERSION = YES;
				CLANG_WARN_OBJC_ROOT_CLASS = YES_ERROR;
				CLANG_WARN_UNREACHABLE_CODE = YES;
				CLANG_WARN__DUPLICATE_METHOD_MATCH = YES;
				"CODE_SIGN_IDENTITY[sdk=iphoneos*]" = "iPhone Developer";
				COPY_PHASE_STRIP = NO;
				DEBUG_INFORMATION_FORMAT = "dwarf-with-dsym";
				ENABLE_NS_ASSERTIONS = NO;
				ENABLE_STRICT_OBJC_MSGSEND = YES;
				GCC_C_LANGUAGE_STANDARD = gnu99;
				GCC_NO_COMMON_BLOCKS = YES;
				GCC_WARN_64_TO_32_BIT_CONVERSION = YES;
				GCC_WARN_ABOUT_RETURN_TYPE = YES_ERROR;
				GCC_WARN_UNDECLARED_SELECTOR = YES;
				GCC_WARN_UNINITIALIZED_AUTOS = YES_AGGRESSIVE;
				GCC_WARN_UNUSED_FUNCTION = YES;
				GCC_WARN_UNUSED_VARIABLE = YES;
				IPHONEOS_DEPLOYMENT_TARGET = 9.3;
				MTL_ENABLE_DEBUG_INFO = NO;
				SDKROOT = iphoneos;
				VALIDATE_PRODUCT = YES;
			};
			name = Release;
		};
		475E78C31CB3F96300EA1FB5 /* Debug */ = {
			isa = XCBuildConfiguration;
			buildSettings = {
				ASSETCATALOG_COMPILER_APPICON_NAME = AppIcon;
				INFOPLIST_FILE = Multiples/Info.plist;
				LD_RUNPATH_SEARCH_PATHS = "$(inherited) @executable_path/Frameworks";
				PRODUCT_BUNDLE_IDENTIFIER = com.carbonstargroup.Multiples;
				PRODUCT_NAME = "$(TARGET_NAME)";
			};
			name = Debug;
		};
		475E78C41CB3F96300EA1FB5 /* Release */ = {
			isa = XCBuildConfiguration;
			buildSettings = {
				ASSETCATALOG_COMPILER_APPICON_NAME = AppIcon;
				INFOPLIST_FILE = Multiples/Info.plist;
				LD_RUNPATH_SEARCH_PATHS = "$(inherited) @executable_path/Frameworks";
				PRODUCT_BUNDLE_IDENTIFIER = com.carbonstargroup.Multiples;
				PRODUCT_NAME = "$(TARGET_NAME)";
			};
			name = Release;
		};
/* End XCBuildConfiguration section */

/* Begin XCConfigurationList section */
		475E78AB1CB3F96300EA1FB5 /* Build configuration list for PBXProject "Multiples" */ = {
			isa = XCConfigurationList;
			buildConfigurations = (
				475E78C01CB3F96300EA1FB5 /* Debug */,
				475E78C11CB3F96300EA1FB5 /* Release */,
			);
			defaultConfigurationIsVisible = 0;
			defaultConfigurationName = Release;
		};
		475E78C21CB3F96300EA1FB5 /* Build configuration list for PBXNativeTarget "Multiples" */ = {
			isa = XCConfigurationList;
			buildConfigurations = (
				475E78C31CB3F96300EA1FB5 /* Debug */,
				475E78C41CB3F96300EA1FB5 /* Release */,
			);
			defaultConfigurationIsVisible = 0;
		};
/* End XCConfigurationList section */
	};
	rootObject = 475E78A81CB3F96300EA1FB5 /* Project object */;
}
